
Microsoft Visual Studio Solution File, Format Version 12.00
# Visual Studio 15
VisualStudioVersion = 15.0.26206.0
MinimumVisualStudioVersion = 10.0.40219.1
Project("{FAE04EC0-301F-11D3-BF4B-00C04F79EFBC}") = "SoftUniCoffeeOrders", "SoftUniCoffeeOrders\SoftUniCoffeeOrders.csproj", "{DCCA8A64-A082-49BC-9E11-C529420F7188}"
EndProject
Project("{FAE04EC0-301F-11D3-BF4B-00C04F79EFBC}") = "CommandInterpreter", "CommandInterpreter\CommandInterpreter.csproj", "{7292B0CF-3871-48AC-AFC2-A9D1DDA6768E}"
EndProject
Project("{FAE04EC0-301F-11D3-BF4B-00C04F79EFBC}") = "RageQuit", "RageQuit\RageQuit.csproj", "{8E8C2F6B-F4E7-40EE-B445-47B2D69AB430}"
EndProject
Project("{FAE04EC0-301F-11D3-BF4B-00C04F79EFBC}") = "Files", "Files\Files.csproj", "{01EBBA26-D6B1-4204-9A23-EA1857059C32}"
EndProject
Global
	GlobalSection(SolutionConfigurationPlatforms) = preSolution
		Debug|Any CPU = Debug|Any CPU
		Release|Any CPU = Release|Any CPU
	EndGlobalSection
	GlobalSection(ProjectConfigurationPlatforms) = postSolution
		{DCCA8A64-A082-49BC-9E11-C529420F7188}.Debug|Any CPU.ActiveCfg = Debug|Any CPU
		{DCCA8A64-A082-49BC-9E11-C529420F7188}.Debug|Any CPU.Build.0 = Debug|Any CPU
		{DCCA8A64-A082-49BC-9E11-C529420F7188}.Release|Any CPU.ActiveCfg = Release|Any CPU
		{DCCA8A64-A082-49BC-9E11-C529420F7188}.Release|Any CPU.Build.0 = Release|Any CPU
		{7292B0CF-3871-48AC-AFC2-A9D1DDA6768E}.Debug|Any CPU.ActiveCfg = Debug|Any CPU
		{7292B0CF-3871-48AC-AFC2-A9D1DDA6768E}.Debug|Any CPU.Build.0 = Debug|Any CPU
		{7292B0CF-3871-48AC-AFC2-A9D1DDA6768E}.Release|Any CPU.ActiveCfg = Release|Any CPU
		{7292B0CF-3871-48AC-AFC2-A9D1DDA6768E}.Release|Any CPU.Build.0 = Release|Any CPU
		{8E8C2F6B-F4E7-40EE-B445-47B2D69AB430}.Debug|Any CPU.ActiveCfg = Debug|Any CPU
		{8E8C2F6B-F4E7-40EE-B445-47B2D69AB430}.Debug|Any CPU.Build.0 = Debug|Any CPU
		{8E8C2F6B-F4E7-40EE-B445-47B2D69AB430}.Release|Any CPU.ActiveCfg = Release|Any CPU
		{8E8C2F6B-F4E7-40EE-B445-47B2D69AB430}.Release|Any CPU.Build.0 = Release|Any CPU
		{01EBBA26-D6B1-4204-9A23-EA1857059C32}.Debug|Any CPU.ActiveCfg = Debug|Any CPU
		{01EBBA26-D6B1-4204-9A23-EA1857059C32}.Debug|Any CPU.Build.0 = Debug|Any CPU
		{01EBBA26-D6B1-4204-9A23-EA1857059C32}.Release|Any CPU.ActiveCfg = Release|Any CPU
		{01EBBA26-D6B1-4204-9A23-EA1857059C32}.Release|Any CPU.Build.0 = Release|Any CPU
	EndGlobalSection
	GlobalSection(SolutionProperties) = preSolution
		HideSolutionNode = FALSE
	EndGlobalSection
EndGlobal
