
Microsoft Visual Studio Solution File, Format Version 12.00
# Visual Studio 14
VisualStudioVersion = 14.0.25420.1
MinimumVisualStudioVersion = 10.0.40219.1
Project("{FAE04EC0-301F-11D3-BF4B-00C04F79EFBC}") = "CharityMarathon", "CharityMarathon\CharityMarathon.csproj", "{10C3BD49-E1CE-4CB9-B114-8DE985CD16C5}"
EndProject
Project("{FAE04EC0-301F-11D3-BF4B-00C04F79EFBC}") = "Ladybugs", "Ladybugs\Ladybugs.csproj", "{6F242E24-20E1-496D-89B2-C9500512D1D9}"
EndProject
Global
	GlobalSection(SolutionConfigurationPlatforms) = preSolution
		Debug|Any CPU = Debug|Any CPU
		Release|Any CPU = Release|Any CPU
	EndGlobalSection
	GlobalSection(ProjectConfigurationPlatforms) = postSolution
		{10C3BD49-E1CE-4CB9-B114-8DE985CD16C5}.Debug|Any CPU.ActiveCfg = Debug|Any CPU
		{10C3BD49-E1CE-4CB9-B114-8DE985CD16C5}.Debug|Any CPU.Build.0 = Debug|Any CPU
		{10C3BD49-E1CE-4CB9-B114-8DE985CD16C5}.Release|Any CPU.ActiveCfg = Release|Any CPU
		{10C3BD49-E1CE-4CB9-B114-8DE985CD16C5}.Release|Any CPU.Build.0 = Release|Any CPU
		{6F242E24-20E1-496D-89B2-C9500512D1D9}.Debug|Any CPU.ActiveCfg = Debug|Any CPU
		{6F242E24-20E1-496D-89B2-C9500512D1D9}.Debug|Any CPU.Build.0 = Debug|Any CPU
		{6F242E24-20E1-496D-89B2-C9500512D1D9}.Release|Any CPU.ActiveCfg = Release|Any CPU
		{6F242E24-20E1-496D-89B2-C9500512D1D9}.Release|Any CPU.Build.0 = Release|Any CPU
	EndGlobalSection
	GlobalSection(SolutionProperties) = preSolution
		HideSolutionNode = FALSE
	EndGlobalSection
EndGlobal
